
Microsoft Visual Studio Solution File, Format Version 12.00
# Visual Studio Version 17
VisualStudioVersion = 17.1.32328.378
MinimumVisualStudioVersion = 10.0.40219.1
Project("{FAE04EC0-301F-11D3-BF4B-00C04F79EFBC}") = "Teste vs", "Teste vs.csproj", "{15657C23-0021-4D05-A5A1-AC476CED9461}"
EndProject
Global
	GlobalSection(SolutionConfigurationPlatforms) = preSolution
		Debug|Any CPU = Debug|Any CPU
		Release|Any CPU = Release|Any CPU
	EndGlobalSection
	GlobalSection(ProjectConfigurationPlatforms) = postSolution
		{15657C23-0021-4D05-A5A1-AC476CED9461}.Debug|Any CPU.ActiveCfg = Debug|Any CPU
		{15657C23-0021-4D05-A5A1-AC476CED9461}.Debug|Any CPU.Build.0 = Debug|Any CPU
		{15657C23-0021-4D05-A5A1-AC476CED9461}.Release|Any CPU.ActiveCfg = Release|Any CPU
		{15657C23-0021-4D05-A5A1-AC476CED9461}.Release|Any CPU.Build.0 = Release|Any CPU
	EndGlobalSection
	GlobalSection(SolutionProperties) = preSolution
		HideSolutionNode = FALSE
	EndGlobalSection
	GlobalSection(ExtensibilityGlobals) = postSolution
		SolutionGuid = {649AF2FD-A7F5-4982-8026-EB0D64FBAA00}
	EndGlobalSection
EndGlobal
