
Microsoft Visual Studio Solution File, Format Version 12.00
# Visual Studio Version 17
VisualStudioVersion = 17.1.32328.378
MinimumVisualStudioVersion = 10.0.40219.1
Project("{FAE04EC0-301F-11D3-BF4B-00C04F79EFBC}") = "Zoo-Calculo-Ex", "Zoo-Calculo-Ex\Zoo-Calculo-Ex.csproj", "{EBADC340-42E2-4FA6-8716-E8E72460571C}"
EndProject
Global
	GlobalSection(SolutionConfigurationPlatforms) = preSolution
		Debug|Any CPU = Debug|Any CPU
		Release|Any CPU = Release|Any CPU
	EndGlobalSection
	GlobalSection(ProjectConfigurationPlatforms) = postSolution
		{EBADC340-42E2-4FA6-8716-E8E72460571C}.Debug|Any CPU.ActiveCfg = Debug|Any CPU
		{EBADC340-42E2-4FA6-8716-E8E72460571C}.Debug|Any CPU.Build.0 = Debug|Any CPU
		{EBADC340-42E2-4FA6-8716-E8E72460571C}.Release|Any CPU.ActiveCfg = Release|Any CPU
		{EBADC340-42E2-4FA6-8716-E8E72460571C}.Release|Any CPU.Build.0 = Release|Any CPU
	EndGlobalSection
	GlobalSection(SolutionProperties) = preSolution
		HideSolutionNode = FALSE
	EndGlobalSection
	GlobalSection(ExtensibilityGlobals) = postSolution
		SolutionGuid = {697D339C-3D5B-41AE-B241-E86C7ECE1E2D}
	EndGlobalSection
EndGlobal
